{"1.2.0",
[{<<"base32">>,{pkg,<<"base32">>,<<"0.1.0">>},1},
 {<<"bear">>,{pkg,<<"bear">>,<<"1.0.0">>},1},
 {<<"cowboy">>,{pkg,<<"cowboy">>,<<"2.11.0">>},0},
 {<<"cowlib">>,{pkg,<<"cowlib">>,<<"2.12.1">>},1},
 {<<"dns_erlang">>,
  {git,"https://github.com/dnsimple/dns_erlang.git",
       {ref,"513f488ad781ec9117f1a0af319656aef4fa9b51"}},
  0},
 {<<"folsom">>,{pkg,<<"folsom">>,<<"1.0.0">>},0},
 {<<"goldrush">>,{pkg,<<"goldrush">>,<<"0.1.9">>},1},
 {<<"iso8601">>,{pkg,<<"iso8601">>,<<"1.3.3">>},0},
 {<<"jsx">>,{pkg,<<"jsx">>,<<"3.0.0">>},0},
 {<<"lager">>,{pkg,<<"lager">>,<<"3.9.2">>},0},
 {<<"meck">>,{pkg,<<"meck">>,<<"0.9.2">>},0},
 {<<"nodefinder">>,{pkg,<<"nodefinder">>,<<"2.0.0">>},0},
 {<<"opentelemetry_api">>,{pkg,<<"opentelemetry_api">>,<<"0.6.0">>},0},
 {<<"ranch">>,{pkg,<<"ranch">>,<<"1.8.0">>},1},
 {<<"recon">>,{pkg,<<"recon">>,<<"2.5.4">>},0}]}.
[
{pkg_hash,[
 {<<"base32">>, <<"044F6DC95709727CA2176F3E97A41DDAA76B5BC690D3536908618C0CB32616A2">>},
 {<<"bear">>, <<"430419C1126B477686CDE843E88BA0F2C7DC5CDF0881C677500074F704339A99">>},
 {<<"cowboy">>, <<"356BF784599CF6F2CDC6AD12FDCFB8413C2D35DAB58404CF000E1FEAED3F5645">>},
 {<<"cowlib">>, <<"A9FA9A625F1D2025FE6B462CB865881329B5CAFF8F1854D1CBC9F9533F00E1E1">>},
 {<<"folsom">>, <<"50ECC998D2149939F1D5E0AA3E32788F8ED16A58E390D81B5C0BE4CC4EF25589">>},
 {<<"goldrush">>, <<"F06E5D5F1277DA5C413E84D5A2924174182FB108DABB39D5EC548B27424CD106">>},
 {<<"iso8601">>, <<"994AFF5DFE760F14A8C4F2D8C3CF500371BF1A8CF309C3C0CB510401064223E0">>},
 {<<"jsx">>, <<"20A170ABD4335FC6DB24D5FAD1E5D677C55DADF83D1B20A8A33B5FE159892A39">>},
 {<<"lager">>, <<"4CAB289120EB24964E3886BD22323CB5FEFE4510C076992A23AD18CF85413D8C">>},
 {<<"meck">>, <<"85CCBAB053F1DB86C7CA240E9FC718170EE5BDA03810A6292B5306BF31BAE5F5">>},
 {<<"nodefinder">>, <<"1FA140D4C3A27FF66623E267E66876AF18817BA82AD303E4AE46ADBC941851AA">>},
 {<<"opentelemetry_api">>, <<"749CCBFC68B3C8347E52492503A67F85DA61ED898E42A592E62DB88D3BCEDF19">>},
 {<<"ranch">>, <<"8C7A100A139FD57F17327B6413E4167AC559FBC04CA7448E9BE9057311597A1D">>},
 {<<"recon">>, <<"05DD52A119EE4059FA9DAA1AB7CE81BC7A8161A2F12E9D42E9D551FFD2BA901C">>}]},
{pkg_hash_ext,[
 {<<"base32">>, <<"10A73951D857D8CB1ECEEA8EB96C6941F6A76E105947AD09C2B73977DEE07638">>},
 {<<"bear">>, <<"157B67901ADF84FF0DA6EAE035CA1292A0AC18AA55148154D8C582B2C68959DB">>},
 {<<"cowboy">>, <<"0FA395437F1B0E104E0E00999F39D2AC5F4082AC5049B67A5B6D56ECC31B1403">>},
 {<<"cowlib">>, <<"163B73F6367A7341B33C794C4E88E7DBFE6498AC42DCD69EF44C5BC5507C8DB0">>},
 {<<"folsom">>, <<"DD6AB97278E94F9E4CFC43E188224A7B8C7EAEC0DD2E935007005177F3EEBB0E">>},
 {<<"goldrush">>, <<"99CB4128CFFCB3227581E5D4D803D5413FA643F4EB96523F77D9E6937D994CEB">>},
 {<<"iso8601">>, <<"BCC7767D691E4D8A26E713F48DA51ABD951BEC4E071AE841F371766F96B46834">>},
 {<<"jsx">>, <<"37BECA0435F5CA8A2F45F76A46211E76418FBEF80C36F0361C249FC75059DC6D">>},
 {<<"lager">>, <<"7F904D9E87A8CB7E66156ED31768D1C8E26EBA1D54F4BC85B1AA4AC1F6340C28">>},
 {<<"meck">>, <<"81344F561357DC40A8344AFA53767C32669153355B626EA9FCBC8DA6B3045826">>},
 {<<"nodefinder">>, <<"10A31C59A4249BFF181773AC77390A4416AA0EEE93C33C716A113419EBF3B210">>},
 {<<"opentelemetry_api">>, <<"01D6A2455B42CF3AA225692210510C39727FF92F9612AEA657D1395B642AD44F">>},
 {<<"ranch">>, <<"49FBCFD3682FAB1F5D109351B61257676DA1A2FDBE295904176D5E521A2DDFE5">>},
 {<<"recon">>, <<"E9AB01AC7FC8572E41EB59385EFEB3FB0FF5BF02103816535BACAEDF327D0263">>}]}
].
